
Microsoft Visual Studio Solution File, Format Version 12.00
# Visual Studio Version 16
VisualStudioVersion = 16.0.29411.108
MinimumVisualStudioVersion = 10.0.40219.1
Project("{8BC9CEB8-8B4A-11D0-8D11-00A0C91BC942}") = "Sroki2", "Sroki2\Sroki2.vcxproj", "{85809472-83C6-40D0-B5F7-A088C249C58A}"
EndProject
Global
	GlobalSection(SolutionConfigurationPlatforms) = preSolution
		Debug|x64 = Debug|x64
		Debug|x86 = Debug|x86
		Release|x64 = Release|x64
		Release|x86 = Release|x86
	EndGlobalSection
	GlobalSection(ProjectConfigurationPlatforms) = postSolution
		{85809472-83C6-40D0-B5F7-A088C249C58A}.Debug|x64.ActiveCfg = Debug|x64
		{85809472-83C6-40D0-B5F7-A088C249C58A}.Debug|x64.Build.0 = Debug|x64
		{85809472-83C6-40D0-B5F7-A088C249C58A}.Debug|x86.ActiveCfg = Debug|Win32
		{85809472-83C6-40D0-B5F7-A088C249C58A}.Debug|x86.Build.0 = Debug|Win32
		{85809472-83C6-40D0-B5F7-A088C249C58A}.Release|x64.ActiveCfg = Release|x64
		{85809472-83C6-40D0-B5F7-A088C249C58A}.Release|x64.Build.0 = Release|x64
		{85809472-83C6-40D0-B5F7-A088C249C58A}.Release|x86.ActiveCfg = Release|Win32
		{85809472-83C6-40D0-B5F7-A088C249C58A}.Release|x86.Build.0 = Release|Win32
	EndGlobalSection
	GlobalSection(SolutionProperties) = preSolution
		HideSolutionNode = FALSE
	EndGlobalSection
	GlobalSection(ExtensibilityGlobals) = postSolution
		SolutionGuid = {49DF1F20-A905-47A4-85F6-7EA5D4AB87B0}
	EndGlobalSection
EndGlobal
